
Microsoft Visual Studio Solution File, Format Version 12.00
# Visual Studio Version 17
VisualStudioVersion = 17.7.34031.279
MinimumVisualStudioVersion = 10.0.40219.1
Project("{FAE04EC0-301F-11D3-BF4B-00C04F79EFBC}") = "work4", "work4\work4.csproj", "{D9FC12A3-BBCC-4229-A2AF-EBED409D4022}"
EndProject
Global
	GlobalSection(SolutionConfigurationPlatforms) = preSolution
		Debug|Any CPU = Debug|Any CPU
		Release|Any CPU = Release|Any CPU
	EndGlobalSection
	GlobalSection(ProjectConfigurationPlatforms) = postSolution
		{D9FC12A3-BBCC-4229-A2AF-EBED409D4022}.Debug|Any CPU.ActiveCfg = Debug|Any CPU
		{D9FC12A3-BBCC-4229-A2AF-EBED409D4022}.Debug|Any CPU.Build.0 = Debug|Any CPU
		{D9FC12A3-BBCC-4229-A2AF-EBED409D4022}.Release|Any CPU.ActiveCfg = Release|Any CPU
		{D9FC12A3-BBCC-4229-A2AF-EBED409D4022}.Release|Any CPU.Build.0 = Release|Any CPU
	EndGlobalSection
	GlobalSection(SolutionProperties) = preSolution
		HideSolutionNode = FALSE
	EndGlobalSection
	GlobalSection(ExtensibilityGlobals) = postSolution
		SolutionGuid = {FEF664E9-5DAD-42A2-BC76-0E634ADFB0EF}
	EndGlobalSection
EndGlobal
